{
  "requires": true,
  "lockfileVersion": 1,
  "dependencies": {
    "@angular/core": {
      "version": "12.2.1",
      "resolved": "https://registry.npmjs.org/@angular/core/-/core-12.2.1.tgz",
      "integrity": "sha512-n3h2SIlTexQRhiU0YKk1qUobZBXtFisfNbV4kJLyjNsGyMt70NQLZVe5mUw7LV7aDAJEinuoCofqBl4FHCigEQ==",
      "requires": {
        "tslib": "^2.2.0"
      }
    },
    "@ionic-native/core": {
      "version": "5.35.0",
      "resolved": "https://registry.npmjs.org/@ionic-native/core/-/core-5.35.0.tgz",
      "integrity": "sha512-x2mShlaLOzCxwdqvPOvUFX4g0ctMvEYiYak6Hlh+HP9eNWfruT0EcMoXs6KSvIRFRsyFaYAXHyDZseKtB3aqsA==",
      "requires": {
        "@types/cordova": "^0.0.34"
      }
    },
    "@ionic-native/http": {
      "version": "4.20.0",
      "resolved": "https://registry.npmjs.org/@ionic-native/http/-/http-4.20.0.tgz",
      "integrity": "sha512-DF+Y1oYoHTv9Y22a2jLgniOmj9Twba+9j8rzHA4xboVT2HpB6bsBSWOktdAXDVjoajXiLsA/u7fh6YD8//NVGg=="
    },
    "@types/cordova": {
      "version": "0.0.34",
      "resolved": "https://registry.npmjs.org/@types/cordova/-/cordova-0.0.34.tgz",
      "integrity": "sha1-6nrd907Ow9dimCegw54smt3HPQQ="
    },
    "tslib": {
      "version": "2.3.1",
      "resolved": "https://registry.npmjs.org/tslib/-/tslib-2.3.1.tgz",
      "integrity": "sha512-77EbyPPpMz+FRFRuAFlWMtmgUWGe9UOG2Z25NqCwiIjRhOf5iKGuzSe5P2w1laq+FkRy4p+PCuVkJSGkzTEKVw=="
    }
  }
}
